
Microsoft Visual Studio Solution File, Format Version 12.00
# Visual Studio Version 16
VisualStudioVersion = 16.0.31205.134
MinimumVisualStudioVersion = 10.0.40219.1
Project("{FAE04EC0-301F-11D3-BF4B-00C04F79EFBC}") = "Analisis.Datos", "Analisis.Datos\Analisis.Datos.csproj", "{A0F3E0D2-EA98-4FD9-B145-8DC6ADE5F671}"
EndProject
Project("{FAE04EC0-301F-11D3-BF4B-00C04F79EFBC}") = "Analisis.Entidades", "Analisis.Entidades\Analisis.Entidades.csproj", "{7C52EF3C-65A0-4AE2-B4D0-2FD74D67ECF7}"
EndProject
Project("{FAE04EC0-301F-11D3-BF4B-00C04F79EFBC}") = "Analisis.Web", "Analisis.Web\Analisis.Web.csproj", "{CCF743E6-1A70-4A82-8810-610D191EB12D}"
EndProject
Global
	GlobalSection(SolutionConfigurationPlatforms) = preSolution
		Debug|Any CPU = Debug|Any CPU
		Release|Any CPU = Release|Any CPU
	EndGlobalSection
	GlobalSection(ProjectConfigurationPlatforms) = postSolution
		{A0F3E0D2-EA98-4FD9-B145-8DC6ADE5F671}.Debug|Any CPU.ActiveCfg = Debug|Any CPU
		{A0F3E0D2-EA98-4FD9-B145-8DC6ADE5F671}.Debug|Any CPU.Build.0 = Debug|Any CPU
		{A0F3E0D2-EA98-4FD9-B145-8DC6ADE5F671}.Release|Any CPU.ActiveCfg = Release|Any CPU
		{A0F3E0D2-EA98-4FD9-B145-8DC6ADE5F671}.Release|Any CPU.Build.0 = Release|Any CPU
		{7C52EF3C-65A0-4AE2-B4D0-2FD74D67ECF7}.Debug|Any CPU.ActiveCfg = Debug|Any CPU
		{7C52EF3C-65A0-4AE2-B4D0-2FD74D67ECF7}.Debug|Any CPU.Build.0 = Debug|Any CPU
		{7C52EF3C-65A0-4AE2-B4D0-2FD74D67ECF7}.Release|Any CPU.ActiveCfg = Release|Any CPU
		{7C52EF3C-65A0-4AE2-B4D0-2FD74D67ECF7}.Release|Any CPU.Build.0 = Release|Any CPU
		{CCF743E6-1A70-4A82-8810-610D191EB12D}.Debug|Any CPU.ActiveCfg = Debug|Any CPU
		{CCF743E6-1A70-4A82-8810-610D191EB12D}.Debug|Any CPU.Build.0 = Debug|Any CPU
		{CCF743E6-1A70-4A82-8810-610D191EB12D}.Release|Any CPU.ActiveCfg = Release|Any CPU
		{CCF743E6-1A70-4A82-8810-610D191EB12D}.Release|Any CPU.Build.0 = Release|Any CPU
	EndGlobalSection
	GlobalSection(SolutionProperties) = preSolution
		HideSolutionNode = FALSE
	EndGlobalSection
	GlobalSection(ExtensibilityGlobals) = postSolution
		SolutionGuid = {6BB1EC0F-9FAD-4159-82B7-113E2BA67F0A}
	EndGlobalSection
EndGlobal
